
Microsoft Visual Studio Solution File, Format Version 12.00
# Visual Studio Express 2012 for Windows Desktop
Project("{FAE04EC0-301F-11D3-BF4B-00C04F79EFBC}") = "DropBox", "DropBox\DropBox.csproj", "{4AE3F3C2-DEEC-48A8-AD98-B3441C106546}"
EndProject
Global
	GlobalSection(SolutionConfigurationPlatforms) = preSolution
		Debug|Any CPU = Debug|Any CPU
		Release|Any CPU = Release|Any CPU
	EndGlobalSection
	GlobalSection(ProjectConfigurationPlatforms) = postSolution
		{4AE3F3C2-DEEC-48A8-AD98-B3441C106546}.Debug|Any CPU.ActiveCfg = Debug|Any CPU
		{4AE3F3C2-DEEC-48A8-AD98-B3441C106546}.Debug|Any CPU.Build.0 = Debug|Any CPU
		{4AE3F3C2-DEEC-48A8-AD98-B3441C106546}.Release|Any CPU.ActiveCfg = Release|Any CPU
		{4AE3F3C2-DEEC-48A8-AD98-B3441C106546}.Release|Any CPU.Build.0 = Release|Any CPU
	EndGlobalSection
	GlobalSection(SolutionProperties) = preSolution
		HideSolutionNode = FALSE
	EndGlobalSection
EndGlobal
